
Microsoft Visual Studio Solution File, Format Version 12.00
# Visual Studio Version 17
VisualStudioVersion = 17.4.33122.133
MinimumVisualStudioVersion = 10.0.40219.1
Project("{FAE04EC0-301F-11D3-BF4B-00C04F79EFBC}") = "ReSTful letcom user management API", "ReSTful letcom user management API\ReSTful letcom user management API.csproj", "{76C914F6-8C52-4AF6-A885-12B93F738395}"
EndProject
Global
	GlobalSection(SolutionConfigurationPlatforms) = preSolution
		Debug|Any CPU = Debug|Any CPU
		Release|Any CPU = Release|Any CPU
	EndGlobalSection
	GlobalSection(ProjectConfigurationPlatforms) = postSolution
		{76C914F6-8C52-4AF6-A885-12B93F738395}.Debug|Any CPU.ActiveCfg = Debug|Any CPU
		{76C914F6-8C52-4AF6-A885-12B93F738395}.Debug|Any CPU.Build.0 = Debug|Any CPU
		{76C914F6-8C52-4AF6-A885-12B93F738395}.Release|Any CPU.ActiveCfg = Release|Any CPU
		{76C914F6-8C52-4AF6-A885-12B93F738395}.Release|Any CPU.Build.0 = Release|Any CPU
	EndGlobalSection
	GlobalSection(SolutionProperties) = preSolution
		HideSolutionNode = FALSE
	EndGlobalSection
	GlobalSection(ExtensibilityGlobals) = postSolution
		SolutionGuid = {17A9AAA8-33CB-4FD5-84EC-7D9EA34EB9B7}
	EndGlobalSection
EndGlobal
